[{<<"amqp_client">>,
  {git,"https://github.com/jbrisbin/amqp_client.git",
       {ref,"86a8956c2564bd389c4ab54f4437712b44c04d7c"}},
  0},
 {<<"cowboy">>,
  {git,"https://github.com/ninenines/cowboy.git",
       {ref,"dbb636034f20736e16eb9d6c809217c9525b6cbd"}},
  0},
 {<<"cowlib">>,
  {git,"https://github.com/ninenines/cowlib",
       {ref,"41949ddaf1889cebf51b00fc1c78961ffa2c1c52"}},
  1},
 {<<"erlydtl">>,
  {git,"https://github.com/erlydtl/erlydtl.git",
       {ref,"7633fb92bd4b55ece10ccd0deb235a2c88150940"}},
  0},
 {<<"gen_smtp">>,
  {git,"https://github.com/Vagabond/gen_smtp.git",
       {ref,"a7038a172aed2d49d0872ce18843a70042a46b0b"}},
  0},
 {<<"goldrush">>,
  {git,"git://github.com/DeadZen/goldrush.git",
       {ref,"212299233c7e7eb63a97be2777e1c05ebaa58dbe"}},
  1},
 {<<"jsx">>,
  {git,"https://github.com/talentdeficit/jsx.git",
       {ref,"3074d4865b3385a050badf7828ad31490d860df5"}},
  0},
 {<<"lager">>,
  {git,"https://github.com/basho/lager",
       {ref,"154dfe673e05864e346d2f2c56a5e11fa2fdcde4"}},
  0},
 {<<"rabbit_common">>,
  {git,"git://github.com/jbrisbin/rabbit_common.git",
       {ref,"f2441101d22165bdbf94fed2b55cbb1d71d09b0c"}},
  1},
 {<<"ranch">>,
  {git,"https://github.com/ninenines/ranch",
       {ref,"741bfb73ca663394ecf7a73410506d66f01985a6"}},
  1}].
